
Microsoft Visual Studio Solution File, Format Version 12.00
# Visual Studio Version 17
VisualStudioVersion = 17.8.34525.116
MinimumVisualStudioVersion = 10.0.40219.1
Project("{8BC9CEB8-8B4A-11D0-8D11-00A0C91BC942}") = "클래스포인터", "클래스포인터\클래스포인터.vcxproj", "{E9BE265F-DA10-41CC-9313-A499A53A767C}"
EndProject
Global
	GlobalSection(SolutionConfigurationPlatforms) = preSolution
		Debug|x64 = Debug|x64
		Debug|x86 = Debug|x86
		Release|x64 = Release|x64
		Release|x86 = Release|x86
	EndGlobalSection
	GlobalSection(ProjectConfigurationPlatforms) = postSolution
		{E9BE265F-DA10-41CC-9313-A499A53A767C}.Debug|x64.ActiveCfg = Debug|x64
		{E9BE265F-DA10-41CC-9313-A499A53A767C}.Debug|x64.Build.0 = Debug|x64
		{E9BE265F-DA10-41CC-9313-A499A53A767C}.Debug|x86.ActiveCfg = Debug|Win32
		{E9BE265F-DA10-41CC-9313-A499A53A767C}.Debug|x86.Build.0 = Debug|Win32
		{E9BE265F-DA10-41CC-9313-A499A53A767C}.Release|x64.ActiveCfg = Release|x64
		{E9BE265F-DA10-41CC-9313-A499A53A767C}.Release|x64.Build.0 = Release|x64
		{E9BE265F-DA10-41CC-9313-A499A53A767C}.Release|x86.ActiveCfg = Release|Win32
		{E9BE265F-DA10-41CC-9313-A499A53A767C}.Release|x86.Build.0 = Release|Win32
	EndGlobalSection
	GlobalSection(SolutionProperties) = preSolution
		HideSolutionNode = FALSE
	EndGlobalSection
	GlobalSection(ExtensibilityGlobals) = postSolution
		SolutionGuid = {FFD20E29-50BA-401F-B132-4477C163746A}
	EndGlobalSection
EndGlobal
