
Microsoft Visual Studio Solution File, Format Version 12.00
# Visual Studio Version 17
VisualStudioVersion = 17.8.34525.116
MinimumVisualStudioVersion = 10.0.40219.1
Project("{8BC9CEB8-8B4A-11D0-8D11-00A0C91BC942}") = "삽입정렬", "삽입정렬\삽입정렬.vcxproj", "{797B6706-1100-4108-8581-5BB2848DD644}"
EndProject
Global
	GlobalSection(SolutionConfigurationPlatforms) = preSolution
		Debug|x64 = Debug|x64
		Debug|x86 = Debug|x86
		Release|x64 = Release|x64
		Release|x86 = Release|x86
	EndGlobalSection
	GlobalSection(ProjectConfigurationPlatforms) = postSolution
		{797B6706-1100-4108-8581-5BB2848DD644}.Debug|x64.ActiveCfg = Debug|x64
		{797B6706-1100-4108-8581-5BB2848DD644}.Debug|x64.Build.0 = Debug|x64
		{797B6706-1100-4108-8581-5BB2848DD644}.Debug|x86.ActiveCfg = Debug|Win32
		{797B6706-1100-4108-8581-5BB2848DD644}.Debug|x86.Build.0 = Debug|Win32
		{797B6706-1100-4108-8581-5BB2848DD644}.Release|x64.ActiveCfg = Release|x64
		{797B6706-1100-4108-8581-5BB2848DD644}.Release|x64.Build.0 = Release|x64
		{797B6706-1100-4108-8581-5BB2848DD644}.Release|x86.ActiveCfg = Release|Win32
		{797B6706-1100-4108-8581-5BB2848DD644}.Release|x86.Build.0 = Release|Win32
	EndGlobalSection
	GlobalSection(SolutionProperties) = preSolution
		HideSolutionNode = FALSE
	EndGlobalSection
	GlobalSection(ExtensibilityGlobals) = postSolution
		SolutionGuid = {E44A2905-C395-48C6-ADA9-B52C54CD6805}
	EndGlobalSection
EndGlobal
