
Microsoft Visual Studio Solution File, Format Version 12.00
# Visual Studio Version 17
VisualStudioVersion = 17.8.34525.116
MinimumVisualStudioVersion = 10.0.40219.1
Project("{8BC9CEB8-8B4A-11D0-8D11-00A0C91BC942}") = "배열합치기", "배열합치기\배열합치기.vcxproj", "{2AC0AD94-A4F2-4A0F-82E8-0DD051B1B006}"
EndProject
Global
	GlobalSection(SolutionConfigurationPlatforms) = preSolution
		Debug|x64 = Debug|x64
		Debug|x86 = Debug|x86
		Release|x64 = Release|x64
		Release|x86 = Release|x86
	EndGlobalSection
	GlobalSection(ProjectConfigurationPlatforms) = postSolution
		{2AC0AD94-A4F2-4A0F-82E8-0DD051B1B006}.Debug|x64.ActiveCfg = Debug|x64
		{2AC0AD94-A4F2-4A0F-82E8-0DD051B1B006}.Debug|x64.Build.0 = Debug|x64
		{2AC0AD94-A4F2-4A0F-82E8-0DD051B1B006}.Debug|x86.ActiveCfg = Debug|Win32
		{2AC0AD94-A4F2-4A0F-82E8-0DD051B1B006}.Debug|x86.Build.0 = Debug|Win32
		{2AC0AD94-A4F2-4A0F-82E8-0DD051B1B006}.Release|x64.ActiveCfg = Release|x64
		{2AC0AD94-A4F2-4A0F-82E8-0DD051B1B006}.Release|x64.Build.0 = Release|x64
		{2AC0AD94-A4F2-4A0F-82E8-0DD051B1B006}.Release|x86.ActiveCfg = Release|Win32
		{2AC0AD94-A4F2-4A0F-82E8-0DD051B1B006}.Release|x86.Build.0 = Release|Win32
	EndGlobalSection
	GlobalSection(SolutionProperties) = preSolution
		HideSolutionNode = FALSE
	EndGlobalSection
	GlobalSection(ExtensibilityGlobals) = postSolution
		SolutionGuid = {FEFEDDA1-FA22-4F9D-90EA-5F6799E6EC44}
	EndGlobalSection
EndGlobal
